
Microsoft Visual Studio Solution File, Format Version 12.00
# Visual Studio 15
VisualStudioVersion = 15.0.28307.271
MinimumVisualStudioVersion = 10.0.40219.1
Project("{9A19103F-16F7-4668-BE54-9A1E7A4F7556}") = "BC7.Api", "BC7.Api\BC7.Api.csproj", "{A63C5622-2621-46F4-98C4-3B78DD2CF492}"
EndProject
Project("{9A19103F-16F7-4668-BE54-9A1E7A4F7556}") = "BC7.Entity", "BC7.Entity\BC7.Entity.csproj", "{396DD052-B650-4B7F-8E72-6265E81CEA95}"
EndProject
Project("{9A19103F-16F7-4668-BE54-9A1E7A4F7556}") = "BC7.Database", "BC7.Database\BC7.Database.csproj", "{4A8A93F7-15D3-4786-A49B-7EB5D1CFA9E2}"
EndProject
Project("{9A19103F-16F7-4668-BE54-9A1E7A4F7556}") = "BC7.Security", "BC7.Security\BC7.Security.csproj", "{96AA8585-F360-442C-8426-1CF4843F668F}"
EndProject
Project("{9A19103F-16F7-4668-BE54-9A1E7A4F7556}") = "BC7.Business", "BC7.Business\BC7.Business.csproj", "{45AAB40E-2A73-4D91-8166-CD38FB3157DE}"
EndProject
Project("{9A19103F-16F7-4668-BE54-9A1E7A4F7556}") = "BC7.Business.Implementation", "BC7.Business.Implementation\BC7.Business.Implementation.csproj", "{0505D15E-CE15-4842-BD99-4ABE48181C21}"
EndProject
Project("{FAE04EC0-301F-11D3-BF4B-00C04F79EFBC}") = "BC7.Common", "BC7.Common\BC7.Common.csproj", "{57D45249-88A7-49F2-BF78-BD16D3931382}"
EndProject
Global
	GlobalSection(SolutionConfigurationPlatforms) = preSolution
		Debug|Any CPU = Debug|Any CPU
		Release|Any CPU = Release|Any CPU
	EndGlobalSection
	GlobalSection(ProjectConfigurationPlatforms) = postSolution
		{A63C5622-2621-46F4-98C4-3B78DD2CF492}.Debug|Any CPU.ActiveCfg = Debug|Any CPU
		{A63C5622-2621-46F4-98C4-3B78DD2CF492}.Debug|Any CPU.Build.0 = Debug|Any CPU
		{A63C5622-2621-46F4-98C4-3B78DD2CF492}.Release|Any CPU.ActiveCfg = Release|Any CPU
		{A63C5622-2621-46F4-98C4-3B78DD2CF492}.Release|Any CPU.Build.0 = Release|Any CPU
		{396DD052-B650-4B7F-8E72-6265E81CEA95}.Debug|Any CPU.ActiveCfg = Debug|Any CPU
		{396DD052-B650-4B7F-8E72-6265E81CEA95}.Debug|Any CPU.Build.0 = Debug|Any CPU
		{396DD052-B650-4B7F-8E72-6265E81CEA95}.Release|Any CPU.ActiveCfg = Release|Any CPU
		{396DD052-B650-4B7F-8E72-6265E81CEA95}.Release|Any CPU.Build.0 = Release|Any CPU
		{4A8A93F7-15D3-4786-A49B-7EB5D1CFA9E2}.Debug|Any CPU.ActiveCfg = Debug|Any CPU
		{4A8A93F7-15D3-4786-A49B-7EB5D1CFA9E2}.Debug|Any CPU.Build.0 = Debug|Any CPU
		{4A8A93F7-15D3-4786-A49B-7EB5D1CFA9E2}.Release|Any CPU.ActiveCfg = Release|Any CPU
		{4A8A93F7-15D3-4786-A49B-7EB5D1CFA9E2}.Release|Any CPU.Build.0 = Release|Any CPU
		{96AA8585-F360-442C-8426-1CF4843F668F}.Debug|Any CPU.ActiveCfg = Debug|Any CPU
		{96AA8585-F360-442C-8426-1CF4843F668F}.Debug|Any CPU.Build.0 = Debug|Any CPU
		{96AA8585-F360-442C-8426-1CF4843F668F}.Release|Any CPU.ActiveCfg = Release|Any CPU
		{96AA8585-F360-442C-8426-1CF4843F668F}.Release|Any CPU.Build.0 = Release|Any CPU
		{45AAB40E-2A73-4D91-8166-CD38FB3157DE}.Debug|Any CPU.ActiveCfg = Debug|Any CPU
		{45AAB40E-2A73-4D91-8166-CD38FB3157DE}.Debug|Any CPU.Build.0 = Debug|Any CPU
		{45AAB40E-2A73-4D91-8166-CD38FB3157DE}.Release|Any CPU.ActiveCfg = Release|Any CPU
		{45AAB40E-2A73-4D91-8166-CD38FB3157DE}.Release|Any CPU.Build.0 = Release|Any CPU
		{0505D15E-CE15-4842-BD99-4ABE48181C21}.Debug|Any CPU.ActiveCfg = Debug|Any CPU
		{0505D15E-CE15-4842-BD99-4ABE48181C21}.Debug|Any CPU.Build.0 = Debug|Any CPU
		{0505D15E-CE15-4842-BD99-4ABE48181C21}.Release|Any CPU.ActiveCfg = Release|Any CPU
		{0505D15E-CE15-4842-BD99-4ABE48181C21}.Release|Any CPU.Build.0 = Release|Any CPU
		{57D45249-88A7-49F2-BF78-BD16D3931382}.Debug|Any CPU.ActiveCfg = Debug|Any CPU
		{57D45249-88A7-49F2-BF78-BD16D3931382}.Debug|Any CPU.Build.0 = Debug|Any CPU
		{57D45249-88A7-49F2-BF78-BD16D3931382}.Release|Any CPU.ActiveCfg = Release|Any CPU
		{57D45249-88A7-49F2-BF78-BD16D3931382}.Release|Any CPU.Build.0 = Release|Any CPU
	EndGlobalSection
	GlobalSection(SolutionProperties) = preSolution
		HideSolutionNode = FALSE
	EndGlobalSection
	GlobalSection(ExtensibilityGlobals) = postSolution
		SolutionGuid = {31A6D808-9CCB-41D8-8357-D4804CD9775C}
	EndGlobalSection
EndGlobal
